<?xml version="1.0" encoding="utf-8"?>
<Project ToolsVersion="4.0" xmlns="http://schemas.microsoft.com/developer/msbuild/2003">
  <ItemGroup>
    <Filter Include="Source Files">
      <UniqueIdentifier>{4FC737F1-C7A5-4376-A066-2A32D752A2FF}</UniqueIdentifier>
      <Extensions>cpp;c;cc;cxx;c++;cppm;ixx;def;odl;idl;hpj;bat;asm;asmx</Extensions>
    </Filter>
    <Filter Include="Header Files">
      <UniqueIdentifier>{93995380-89BD-4b04-88EB-625FBE52EBFB}</UniqueIdentifier>
      <Extensions>h;hh;hpp;hxx;h++;hm;inl;inc;ipp;xsd</Extensions>
    </Filter>
    <Filter Include="Resource Files">
      <UniqueIdentifier>{67DA6AB6-F800-4c08-8B7A-83BB121AAD01}</UniqueIdentifier>
      <Extensions>rc;ico;cur;bmp;dlg;rc2;rct;bin;rgs;gif;jpg;jpeg;jpe;resx;tiff;tif;png;wav;mfcribbon-ms</Extensions>
    </Filter>
  </ItemGroup>
  <ItemGroup>
    <ClInclude Include="include\core-systems.h">
      <Filter>Header Files</Filter>
    </ClInclude>
    <ClInclude Include="include\i-graphics-backend.h">
      <Filter>Header Files</Filter>
    </ClInclude>
    <ClInclude Include="include\i-window.h">
      <Filter>Header Files</Filter>
    </ClInclude>
    <ClInclude Include="include\window-parameters.h">
      <Filter>Header Files</Filter>
    </ClInclude>
    <ClInclude Include="src\win32-window.h">
      <Filter>Header Files</Filter>
    </ClInclude>
    <ClInclude Include="src\win32-window-class.h">
      <Filter>Header Files</Filter>
    </ClInclude>
    <ClInclude Include="src\ogl-graphics-backend.h">
      <Filter>Header Files</Filter>
    </ClInclude>
    <ClInclude Include="src\ogl.h">
      <Filter>Header Files</Filter>
    </ClInclude>
    <ClInclude Include="include\rendering\i-renderer.h">
      <Filter>Header Files</Filter>
    </ClInclude>
    <ClInclude Include="src\rendering\ogl-renderer.h">
      <Filter>Header Files</Filter>
    </ClInclude>
    <ClInclude Include="include\rendering\resources\i-rendering-rule.h">
      <Filter>Header Files</Filter>
    </ClInclude>
    <ClInclude Include="include\rendering\i-renderer-resource-manager.h">
      <Filter>Header Files</Filter>
    </ClInclude>
    <ClInclude Include="src\rendering\ogl-renderer-resource-manager.h">
      <Filter>Header Files</Filter>
    </ClInclude>
    <ClInclude Include="include\rendering\i-drawable.h">
      <Filter>Header Files</Filter>
    </ClInclude>
    <ClInclude Include="src\rendering\i-renderer-managed.h">
      <Filter>Header Files</Filter>
    </ClInclude>
    <ClInclude Include="include\math\vector2.h">
      <Filter>Header Files</Filter>
    </ClInclude>
    <ClInclude Include="include\math\vector3.h">
      <Filter>Header Files</Filter>
    </ClInclude>
    <ClInclude Include="include\math\vector4.h">
      <Filter>Header Files</Filter>
    </ClInclude>
    <ClInclude Include="include\math\matrix4x4.h">
      <Filter>Header Files</Filter>
    </ClInclude>
    <ClInclude Include="include\rendering\resources\i-mesh-3d.h">
      <Filter>Header Files</Filter>
    </ClInclude>
    <ClInclude Include="src\rendering\resources\ogl-mesh-3d.h">
      <Filter>Header Files</Filter>
    </ClInclude>
    <ClInclude Include="include\input\i-basic-input.h">
      <Filter>Header Files</Filter>
    </ClInclude>
    <ClInclude Include="src\input\win32-basic-input.h">
      <Filter>Header Files</Filter>
    </ClInclude>
    <ClInclude Include="include\types\vertex-3d.h">
      <Filter>Header Files</Filter>
    </ClInclude>
    <ClInclude Include="src\rendering\resources\ogl-rendering-rule.h">
      <Filter>Header Files</Filter>
    </ClInclude>
    <ClInclude Include="include\rendering\resources\i-texture-2d.h">
      <Filter>Header Files</Filter>
    </ClInclude>
    <ClInclude Include="src\rendering\resources\ogl-texture-2d.h">
      <Filter>Header Files</Filter>
    </ClInclude>
    <ClInclude Include="include\types\dimensions.h">
      <Filter>Header Files</Filter>
    </ClInclude>
    <ClInclude Include="include\types\color8.h">
      <Filter>Header Files</Filter>
    </ClInclude>
    <ClInclude Include="include\types\color.h">
      <Filter>Header Files</Filter>
    </ClInclude>
    <ClInclude Include="include\types\directional-light.h">
      <Filter>Header Files</Filter>
    </ClInclude>
    <ClInclude Include="include\types\camera-3d.h">
      <Filter>Header Files</Filter>
    </ClInclude>
    <ClInclude Include="src\data\lambert-shader.h">
      <Filter>Header Files</Filter>
    </ClInclude>
    <ClInclude Include="src\data\unshaded-shader.h">
      <Filter>Header Files</Filter>
    </ClInclude>
    <ClInclude Include="include\rendering\state\i-render-state.h">
      <Filter>Header Files</Filter>
    </ClInclude>
    <ClInclude Include="include\rendering\parameters\i-render-parameter.h">
      <Filter>Header Files</Filter>
    </ClInclude>
    <ClInclude Include="include\rendering\parameters\i-camera-3d-parameter.h">
      <Filter>Header Files</Filter>
    </ClInclude>
    <ClInclude Include="include\rendering\i-renderer-parameter-manager.h">
      <Filter>Header Files</Filter>
    </ClInclude>
    <ClInclude Include="include\rendering\parameters\i-directional-light-parameter.h">
      <Filter>Header Files</Filter>
    </ClInclude>
    <ClInclude Include="src\rendering\ogl-renderer-parameter-manager.h">
      <Filter>Header Files</Filter>
    </ClInclude>
    <ClInclude Include="src\rendering\parameters\ogl-camera-3d-parameter.h">
      <Filter>Header Files</Filter>
    </ClInclude>
    <ClInclude Include="src\rendering\parameters\ogl-directional-light-parameter.h">
      <Filter>Header Files</Filter>
    </ClInclude>
    <ClInclude Include="include\rendering\parameters\i-transform-3d-parameter.h">
      <Filter>Header Files</Filter>
    </ClInclude>
    <ClInclude Include="include\types\transform-3d.h">
      <Filter>Header Files</Filter>
    </ClInclude>
    <ClInclude Include="src\rendering\parameters\ogl-transform-3d-parameter.h">
      <Filter>Header Files</Filter>
    </ClInclude>
    <ClInclude Include="include\rendering\data-generation\mesh-3d\i-mesh-3d-generator.h">
      <Filter>Header Files</Filter>
    </ClInclude>
    <ClInclude Include="include\rendering\data-generation\mesh-3d\cube-mesh-3d-generator.h">
      <Filter>Header Files</Filter>
    </ClInclude>
    <ClInclude Include="include\containers\mesh-data.h">
      <Filter>Header Files</Filter>
    </ClInclude>
    <ClInclude Include="include\rendering\data-generation\mesh-3d\plane-mesh-3d-generator.h">
      <Filter>Header Files</Filter>
    </ClInclude>
    <ClInclude Include="include\rendering\data-generation\rendering-rule\i-rendering-rule-generator.h">
      <Filter>Header Files</Filter>
    </ClInclude>
    <ClInclude Include="include\rendering\data-generation\rendering-rule\unshaded-rendering-rule-generator.h">
      <Filter>Header Files</Filter>
    </ClInclude>
    <ClInclude Include="include\containers\source-collection.h">
      <Filter>Header Files</Filter>
    </ClInclude>
    <ClInclude Include="include\containers\source-container.h">
      <Filter>Header Files</Filter>
    </ClInclude>
    <ClInclude Include="include\rendering\data-generation\rendering-rule\lambert-rendering-rule-generator.h">
      <Filter>Header Files</Filter>
    </ClInclude>
    <ClInclude Include="include\rendering\data-generation\texture-2d\i-texture-2d-generator.h">
      <Filter>Header Files</Filter>
    </ClInclude>
    <ClInclude Include="include\containers\texture-data.h">
      <Filter>Header Files</Filter>
    </ClInclude>
    <ClInclude Include="include\rendering\data-generation\texture-2d\raw-data-texture-2d-generator.h">
      <Filter>Header Files</Filter>
    </ClInclude>
    <ClInclude Include="include\containers\fixed-array.h">
      <Filter>Header Files</Filter>
    </ClInclude>
    <ClInclude Include="include\utils\shared.h">
      <Filter>Header Files</Filter>
    </ClInclude>
    <ClInclude Include="include\rendering\resources\i-renderer-resource.h">
      <Filter>Header Files</Filter>
    </ClInclude>
  </ItemGroup>
  <ItemGroup>
    <ClCompile Include="src\core-systems.cpp">
      <Filter>Source Files</Filter>
    </ClCompile>
    <ClCompile Include="src\win32-window.cpp">
      <Filter>Source Files</Filter>
    </ClCompile>
    <ClCompile Include="src\win32-window-class.cpp">
      <Filter>Source Files</Filter>
    </ClCompile>
    <ClCompile Include="src\ogl-graphics-backend.cpp">
      <Filter>Source Files</Filter>
    </ClCompile>
    <ClCompile Include="src\ogl.cpp">
      <Filter>Source Files</Filter>
    </ClCompile>
    <ClCompile Include="src\rendering\ogl-renderer.cpp">
      <Filter>Source Files</Filter>
    </ClCompile>
    <ClCompile Include="src\rendering\ogl-renderer-resource-manager.cpp">
      <Filter>Source Files</Filter>
    </ClCompile>
    <ClCompile Include="src\rendering\resources\ogl-mesh-3d.cpp">
      <Filter>Source Files</Filter>
    </ClCompile>
    <ClCompile Include="src\input\win32-basic-input.cpp">
      <Filter>Source Files</Filter>
    </ClCompile>
    <ClCompile Include="src\rendering\resources\ogl-rendering-rule.cpp">
      <Filter>Source Files</Filter>
    </ClCompile>
    <ClCompile Include="src\rendering\resources\ogl-texture-2d.cpp">
      <Filter>Source Files</Filter>
    </ClCompile>
    <ClCompile Include="src\types\color.cpp">
      <Filter>Source Files</Filter>
    </ClCompile>
    <ClCompile Include="src\types\color8.cpp">
      <Filter>Source Files</Filter>
    </ClCompile>
    <ClCompile Include="src\rendering\ogl-renderer-parameter-manager.cpp">
      <Filter>Source Files</Filter>
    </ClCompile>
    <ClCompile Include="src\rendering\parameters\ogl-camera-3d-parameter.cpp">
      <Filter>Source Files</Filter>
    </ClCompile>
    <ClCompile Include="src\rendering\parameters\ogl-directional-light-parameter.cpp">
      <Filter>Source Files</Filter>
    </ClCompile>
    <ClCompile Include="src\rendering\parameters\ogl-transform-3d-parameter.cpp">
      <Filter>Source Files</Filter>
    </ClCompile>
    <ClCompile Include="src\rendering\data-generation\mesh-3d\cube-mesh-3d-generator.cpp">
      <Filter>Source Files</Filter>
    </ClCompile>
    <ClCompile Include="src\containers\mesh-data.cpp">
      <Filter>Source Files</Filter>
    </ClCompile>
    <ClCompile Include="src\rendering\data-generation\mesh-3d\plane-mesh-3d-generator.cpp">
      <Filter>Source Files</Filter>
    </ClCompile>
    <ClCompile Include="src\rendering\data-generation\rendering-rule\unshaded-rendering-rule-generator.cpp">
      <Filter>Source Files</Filter>
    </ClCompile>
    <ClCompile Include="src\containers\source-container.cpp">
      <Filter>Source Files</Filter>
    </ClCompile>
    <ClCompile Include="src\rendering\data-generation\rendering-rule\lambert-rendering-rule-generator.cpp">
      <Filter>Source Files</Filter>
    </ClCompile>
    <ClCompile Include="src\containers\texture-data.cpp">
      <Filter>Source Files</Filter>
    </ClCompile>
    <ClCompile Include="src\rendering\data-generation\texture-2d\raw-data-texture-2d-generator.cpp">
      <Filter>Source Files</Filter>
    </ClCompile>
  </ItemGroup>
</Project>